
Microsoft Visual Studio Solution File, Format Version 12.00
# Visual Studio Version 17
VisualStudioVersion = 17.5.002.0
MinimumVisualStudioVersion = 10.0.40219.1
Project("{2150E333-8FDC-42A3-9474-1A3956D46DE8}") = "backend", "backend", "{7D9988E4-B1E1-46B1-898C-670DA14DB982}"
EndProject
Project("{9A19103F-16F7-4668-BE54-9A1E7A4F7556}") = "R8titAPI", "backend\R8titAPI\R8titAPI.csproj", "{58553393-6579-4EBA-8252-F7139D8C58FC}"
EndProject
Global
	GlobalSection(SolutionConfigurationPlatforms) = preSolution
		Debug|Any CPU = Debug|Any CPU
		Release|Any CPU = Release|Any CPU
	EndGlobalSection
	GlobalSection(ProjectConfigurationPlatforms) = postSolution
		{58553393-6579-4EBA-8252-F7139D8C58FC}.Debug|Any CPU.ActiveCfg = Debug|Any CPU
		{58553393-6579-4EBA-8252-F7139D8C58FC}.Debug|Any CPU.Build.0 = Debug|Any CPU
		{58553393-6579-4EBA-8252-F7139D8C58FC}.Release|Any CPU.ActiveCfg = Release|Any CPU
		{58553393-6579-4EBA-8252-F7139D8C58FC}.Release|Any CPU.Build.0 = Release|Any CPU
	EndGlobalSection
	GlobalSection(SolutionProperties) = preSolution
		HideSolutionNode = FALSE
	EndGlobalSection
	GlobalSection(NestedProjects) = preSolution
		{58553393-6579-4EBA-8252-F7139D8C58FC} = {7D9988E4-B1E1-46B1-898C-670DA14DB982}
	EndGlobalSection
	GlobalSection(ExtensibilityGlobals) = postSolution
		SolutionGuid = {C42FAAA0-B6BF-43C1-9F63-C590C85FE4CD}
	EndGlobalSection
EndGlobal
